
Microsoft Visual Studio Solution File, Format Version 12.00
# Visual Studio Version 16
VisualStudioVersion = 16.0.31005.135
MinimumVisualStudioVersion = 10.0.40219.1
Project("{F184B08F-C81C-45F6-A57F-5ABD9991F28F}") = "MovieLibrarySystem", "MovieLibrarySystem\MovieLibrarySystem.vbproj", "{7934DD17-1F54-4D8E-9DDD-8492CB8911EF}"
EndProject
Global
	GlobalSection(SolutionConfigurationPlatforms) = preSolution
		Debug|Any CPU = Debug|Any CPU
		Release|Any CPU = Release|Any CPU
	EndGlobalSection
	GlobalSection(ProjectConfigurationPlatforms) = postSolution
		{7934DD17-1F54-4D8E-9DDD-8492CB8911EF}.Debug|Any CPU.ActiveCfg = Debug|Any CPU
		{7934DD17-1F54-4D8E-9DDD-8492CB8911EF}.Debug|Any CPU.Build.0 = Debug|Any CPU
		{7934DD17-1F54-4D8E-9DDD-8492CB8911EF}.Release|Any CPU.ActiveCfg = Release|Any CPU
		{7934DD17-1F54-4D8E-9DDD-8492CB8911EF}.Release|Any CPU.Build.0 = Release|Any CPU
	EndGlobalSection
	GlobalSection(SolutionProperties) = preSolution
		HideSolutionNode = FALSE
	EndGlobalSection
	GlobalSection(ExtensibilityGlobals) = postSolution
		SolutionGuid = {DB24EE08-517A-4AA3-A866-F03FA3694830}
	EndGlobalSection
EndGlobal
